
Microsoft Visual Studio Solution File, Format Version 12.00
# Visual Studio Version 16
VisualStudioVersion = 16.0.31112.23
MinimumVisualStudioVersion = 10.0.40219.1
Project("{FAE04EC0-301F-11D3-BF4B-00C04F79EFBC}") = "LidgrenBasicUsage-Client", "LidgrenBasicUsage\LidgrenBasicUsage-Client.csproj", "{DA6261BF-480D-4F51-94EF-DE2BA020D23E}"
EndProject
Project("{FAE04EC0-301F-11D3-BF4B-00C04F79EFBC}") = "Lidgren.Network", "LidgrenBasicUsage\Lidgren.Network\Lidgren.Network.csproj", "{49BA1C69-6104-41AC-A5D8-B54FA9F696E8}"
EndProject
Global
	GlobalSection(SolutionConfigurationPlatforms) = preSolution
		Debug|Any CPU = Debug|Any CPU
		Release|Any CPU = Release|Any CPU
	EndGlobalSection
	GlobalSection(ProjectConfigurationPlatforms) = postSolution
		{DA6261BF-480D-4F51-94EF-DE2BA020D23E}.Debug|Any CPU.ActiveCfg = Debug|Any CPU
		{DA6261BF-480D-4F51-94EF-DE2BA020D23E}.Debug|Any CPU.Build.0 = Debug|Any CPU
		{DA6261BF-480D-4F51-94EF-DE2BA020D23E}.Release|Any CPU.ActiveCfg = Release|Any CPU
		{DA6261BF-480D-4F51-94EF-DE2BA020D23E}.Release|Any CPU.Build.0 = Release|Any CPU
		{49BA1C69-6104-41AC-A5D8-B54FA9F696E8}.Debug|Any CPU.ActiveCfg = Debug|Any CPU
		{49BA1C69-6104-41AC-A5D8-B54FA9F696E8}.Debug|Any CPU.Build.0 = Debug|Any CPU
		{49BA1C69-6104-41AC-A5D8-B54FA9F696E8}.Release|Any CPU.ActiveCfg = Release|Any CPU
		{49BA1C69-6104-41AC-A5D8-B54FA9F696E8}.Release|Any CPU.Build.0 = Release|Any CPU
	EndGlobalSection
	GlobalSection(SolutionProperties) = preSolution
		HideSolutionNode = FALSE
	EndGlobalSection
	GlobalSection(ExtensibilityGlobals) = postSolution
		SolutionGuid = {2E8CA92B-6889-438F-A1BD-1ADE0BCB2243}
	EndGlobalSection
EndGlobal
